// !$*UTF8*$!
{
	archiveVersion = 1;
	classes = {
	};
	objectVersion = 46;
	objects = {

/* Begin PBXBuildFile section */
		04528F3F1E9E0DCF00EC1C57 /* main.m in Sources */ = {isa = PBXBuildFile; fileRef = 04528F3E1E9E0DCF00EC1C57 /* main.m */; };
		04528F421E9E0DCF00EC1C57 /* AppDelegate.m in Sources */ = {isa = PBXBuildFile; fileRef = 04528F411E9E0DCF00EC1C57 /* AppDelegate.m */; };
		04528F451E9E0DCF00EC1C57 /* ViewController.m in Sources */ = {isa = PBXBuildFile; fileRef = 04528F441E9E0DCF00EC1C57 /* ViewController.m */; };
		04528F481E9E0DCF00EC1C57 /* Main.storyboard in Resources */ = {isa = PBXBuildFile; fileRef = 04528F461E9E0DCF00EC1C57 /* Main.storyboard */; };
		04528F4A1E9E0DCF00EC1C57 /* Assets.xcassets in Resources */ = {isa = PBXBuildFile; fileRef = 04528F491E9E0DCF00EC1C57 /* Assets.xcassets */; };
		04528F4D1E9E0DCF00EC1C57 /* LaunchScreen.storyboard in Resources */ = {isa = PBXBuildFile; fileRef = 04528F4B1E9E0DCF00EC1C57 /* LaunchScreen.storyboard */; };
		04528F581E9E0DCF00EC1C57 /* HRSqliteToolTests.m in Sources */ = {isa = PBXBuildFile; fileRef = 04528F571E9E0DCF00EC1C57 /* HRSqliteToolTests.m */; };
		04528F631E9E0DD000EC1C57 /* HRSqliteToolUITests.m in Sources */ = {isa = PBXBuildFile; fileRef = 04528F621E9E0DD000EC1C57 /* HRSqliteToolUITests.m */; };
/* End PBXBuildFile section */

/* Begin PBXContainerItemProxy section */
		04528F541E9E0DCF00EC1C57 /* PBXContainerItemProxy */ = {
			isa = PBXContainerItemProxy;
			containerPortal = 04528F321E9E0DCF00EC1C57 /* Project object */;
			proxyType = 1;
			remoteGlobalIDString = 04528F391E9E0DCF00EC1C57;
			remoteInfo = HRSqliteTool;
		};
		04528F5F1E9E0DD000EC1C57 /* PBXContainerItemProxy */ = {
			isa = PBXContainerItemProxy;
			containerPortal = 04528F321E9E0DCF00EC1C57 /* Project object */;
			proxyType = 1;
			remoteGlobalIDString = 04528F391E9E0DCF00EC1C57;
			remoteInfo = HRSqliteTool;
		};
/* End PBXContainerItemProxy section */

/* Begin PBXFileReference section */
		04528F3A1E9E0DCF00EC1C57 /* HRSqliteTool.app */ = {isa = PBXFileReference; explicitFileType = wrapper.application; includeInIndex = 0; path = HRSqliteTool.app; sourceTree = BUILT_PRODUCTS_DIR; };
		04528F3E1E9E0DCF00EC1C57 /* main.m */ = {isa = PBXFileReference; lastKnownFileType = sourcecode.c.objc; path = main.m; sourceTree = "<group>"; };
		04528F401E9E0DCF00EC1C57 /* AppDelegate.h */ = {isa = PBXFileReference; lastKnownFileType = sourcecode.c.h; path = AppDelegate.h; sourceTree = "<group>"; };
		04528F411E9E0DCF00EC1C57 /* AppDelegate.m */ = {isa = PBXFileReference; lastKnownFileType = sourcecode.c.objc; path = AppDelegate.m; sourceTree = "<group>"; };
		04528F431E9E0DCF00EC1C57 /* ViewController.h */ = {isa = PBXFileReference; lastKnownFileType = sourcecode.c.h; path = ViewController.h; sourceTree = "<group>"; };
		04528F441E9E0DCF00EC1C57 /* ViewController.m */ = {isa = PBXFileReference; lastKnownFileType = sourcecode.c.objc; path = ViewController.m; sourceTree = "<group>"; };
		04528F471E9E0DCF00EC1C57 /* Base */ = {isa = PBXFileReference; lastKnownFileType = file.storyboard; name = Base; path = Base.lproj/Main.storyboard; sourceTree = "<group>"; };
		04528F491E9E0DCF00EC1C57 /* Assets.xcassets */ = {isa = PBXFileReference; lastKnownFileType = folder.assetcatalog; path = Assets.xcassets; sourceTree = "<group>"; };
		04528F4C1E9E0DCF00EC1C57 /* Base */ = {isa = PBXFileReference; lastKnownFileType = file.storyboard; name = Base; path = Base.lproj/LaunchScreen.storyboard; sourceTree = "<group>"; };
		04528F4E1E9E0DCF00EC1C57 /* Info.plist */ = {isa = PBXFileReference; lastKnownFileType = text.plist.xml; path = Info.plist; sourceTree = "<group>"; };
		04528F531E9E0DCF00EC1C57 /* HRSqliteToolTests.xctest */ = {isa = PBXFileReference; explicitFileType = wrapper.cfbundle; includeInIndex = 0; path = HRSqliteToolTests.xctest; sourceTree = BUILT_PRODUCTS_DIR; };
		04528F571E9E0DCF00EC1C57 /* HRSqliteToolTests.m */ = {isa = PBXFileReference; lastKnownFileType = sourcecode.c.objc; path = HRSqliteToolTests.m; sourceTree = "<group>"; };
		04528F591E9E0DD000EC1C57 /* Info.plist */ = {isa = PBXFileReference; lastKnownFileType = text.plist.xml; path = Info.plist; sourceTree = "<group>"; };
		04528F5E1E9E0DD000EC1C57 /* HRSqliteToolUITests.xctest */ = {isa = PBXFileReference; explicitFileType = wrapper.cfbundle; includeInIndex = 0; path = HRSqliteToolUITests.xctest; sourceTree = BUILT_PRODUCTS_DIR; };
		04528F621E9E0DD000EC1C57 /* HRSqliteToolUITests.m */ = {isa = PBXFileReference; lastKnownFileType = sourcecode.c.objc; path = HRSqliteToolUITests.m; sourceTree = "<group>"; };
		04528F641E9E0DD000EC1C57 /* Info.plist */ = {isa = PBXFileReference; lastKnownFileType = text.plist.xml; path = Info.plist; sourceTree = "<group>"; };
/* End PBXFileReference section */

/* Begin PBXFrameworksBuildPhase section */
		04528F371E9E0DCF00EC1C57 /* Frameworks */ = {
			isa = PBXFrameworksBuildPhase;
			buildActionMask = 2147483647;
			files = (
			);
			runOnlyForDeploymentPostprocessing = 0;
		};
		04528F501E9E0DCF00EC1C57 /* Frameworks */ = {
			isa = PBXFrameworksBuildPhase;
			buildActionMask = 2147483647;
			files = (
			);
			runOnlyForDeploymentPostprocessing = 0;
		};
		04528F5B1E9E0DD000EC1C57 /* Frameworks */ = {
			isa = PBXFrameworksBuildPhase;
			buildActionMask = 2147483647;
			files = (
			);
			runOnlyForDeploymentPostprocessing = 0;
		};
/* End PBXFrameworksBuildPhase section */

/* Begin PBXGroup section */
		04528F311E9E0DCF00EC1C57 = {
			isa = PBXGroup;
			children = (
				04528F3C1E9E0DCF00EC1C57 /* HRSqliteTool */,
				04528F561E9E0DCF00EC1C57 /* HRSqliteToolTests */,
				04528F611E9E0DD000EC1C57 /* HRSqliteToolUITests */,
				04528F3B1E9E0DCF00EC1C57 /* Products */,
			);
			sourceTree = "<group>";
		};
		04528F3B1E9E0DCF00EC1C57 /* Products */ = {
			isa = PBXGroup;
			children = (
				04528F3A1E9E0DCF00EC1C57 /* HRSqliteTool.app */,
				04528F531E9E0DCF00EC1C57 /* HRSqliteToolTests.xctest */,
				04528F5E1E9E0DD000EC1C57 /* HRSqliteToolUITests.xctest */,
			);
			name = Products;
			sourceTree = "<group>";
		};
		04528F3C1E9E0DCF00EC1C57 /* HRSqliteTool */ = {
			isa = PBXGroup;
			children = (
				04528F401E9E0DCF00EC1C57 /* AppDelegate.h */,
				04528F411E9E0DCF00EC1C57 /* AppDelegate.m */,
				04528F431E9E0DCF00EC1C57 /* ViewController.h */,
				04528F441E9E0DCF00EC1C57 /* ViewController.m */,
				04528F461E9E0DCF00EC1C57 /* Main.storyboard */,
				04528F491E9E0DCF00EC1C57 /* Assets.xcassets */,
				04528F4B1E9E0DCF00EC1C57 /* LaunchScreen.storyboard */,
				04528F4E1E9E0DCF00EC1C57 /* Info.plist */,
				04528F3D1E9E0DCF00EC1C57 /* Supporting Files */,
			);
			path = HRSqliteTool;
			sourceTree = "<group>";
		};
		04528F3D1E9E0DCF00EC1C57 /* Supporting Files */ = {
			isa = PBXGroup;
			children = (
				04528F3E1E9E0DCF00EC1C57 /* main.m */,
			);
			name = "Supporting Files";
			sourceTree = "<group>";
		};
		04528F561E9E0DCF00EC1C57 /* HRSqliteToolTests */ = {
			isa = PBXGroup;
			children = (
				04528F571E9E0DCF00EC1C57 /* HRSqliteToolTests.m */,
				04528F591E9E0DD000EC1C57 /* Info.plist */,
			);
			path = HRSqliteToolTests;
			sourceTree = "<group>";
		};
		04528F611E9E0DD000EC1C57 /* HRSqliteToolUITests */ = {
			isa = PBXGroup;
			children = (
				04528F621E9E0DD000EC1C57 /* HRSqliteToolUITests.m */,
				04528F641E9E0DD000EC1C57 /* Info.plist */,
			);
			path = HRSqliteToolUITests;
			sourceTree = "<group>";
		};
/* End PBXGroup section */

/* Begin PBXNativeTarget section */
		04528F391E9E0DCF00EC1C57 /* HRSqliteTool */ = {
			isa = PBXNativeTarget;
			buildConfigurationList = 04528F671E9E0DD000EC1C57 /* Build configuration list for PBXNativeTarget "HRSqliteTool" */;
			buildPhases = (
				04528F361E9E0DCF00EC1C57 /* Sources */,
				04528F371E9E0DCF00EC1C57 /* Frameworks */,
				04528F381E9E0DCF00EC1C57 /* Resources */,
			);
			buildRules = (
			);
			dependencies = (
			);
			name = HRSqliteTool;
			productName = HRSqliteTool;
			productReference = 04528F3A1E9E0DCF00EC1C57 /* HRSqliteTool.app */;
			productType = "com.apple.product-type.application";
		};
		04528F521E9E0DCF00EC1C57 /* HRSqliteToolTests */ = {
			isa = PBXNativeTarget;
			buildConfigurationList = 04528F6A1E9E0DD000EC1C57 /* Build configuration list for PBXNativeTarget "HRSqliteToolTests" */;
			buildPhases = (
				04528F4F1E9E0DCF00EC1C57 /* Sources */,
				04528F501E9E0DCF00EC1C57 /* Frameworks */,
				04528F511E9E0DCF00EC1C57 /* Resources */,
			);
			buildRules = (
			);
			dependencies = (
				04528F551E9E0DCF00EC1C57 /* PBXTargetDependency */,
			);
			name = HRSqliteToolTests;
			productName = HRSqliteToolTests;
			productReference = 04528F531E9E0DCF00EC1C57 /* HRSqliteToolTests.xctest */;
			productType = "com.apple.product-type.bundle.unit-test";
		};
		04528F5D1E9E0DD000EC1C57 /* HRSqliteToolUITests */ = {
			isa = PBXNativeTarget;
			buildConfigurationList = 04528F6D1E9E0DD000EC1C57 /* Build configuration list for PBXNativeTarget "HRSqliteToolUITests" */;
			buildPhases = (
				04528F5A1E9E0DD000EC1C57 /* Sources */,
				04528F5B1E9E0DD000EC1C57 /* Frameworks */,
				04528F5C1E9E0DD000EC1C57 /* Resources */,
			);
			buildRules = (
			);
			dependencies = (
				04528F601E9E0DD000EC1C57 /* PBXTargetDependency */,
			);
			name = HRSqliteToolUITests;
			productName = HRSqliteToolUITests;
			productReference = 04528F5E1E9E0DD000EC1C57 /* HRSqliteToolUITests.xctest */;
			productType = "com.apple.product-type.bundle.ui-testing";
		};
/* End PBXNativeTarget section */

/* Begin PBXProject section */
		04528F321E9E0DCF00EC1C57 /* Project object */ = {
			isa = PBXProject;
			attributes = {
				LastUpgradeCheck = 0830;
				ORGANIZATIONNAME = Mac;
				TargetAttributes = {
					04528F391E9E0DCF00EC1C57 = {
						CreatedOnToolsVersion = 8.3;
						ProvisioningStyle = Automatic;
					};
					04528F521E9E0DCF00EC1C57 = {
						CreatedOnToolsVersion = 8.3;
						ProvisioningStyle = Automatic;
						TestTargetID = 04528F391E9E0DCF00EC1C57;
					};
					04528F5D1E9E0DD000EC1C57 = {
						CreatedOnToolsVersion = 8.3;
						ProvisioningStyle = Automatic;
						TestTargetID = 04528F391E9E0DCF00EC1C57;
					};
				};
			};
			buildConfigurationList = 04528F351E9E0DCF00EC1C57 /* Build configuration list for PBXProject "HRSqliteTool" */;
			compatibilityVersion = "Xcode 3.2";
			developmentRegion = English;
			hasScannedForEncodings = 0;
			knownRegions = (
				en,
				Base,
			);
			mainGroup = 04528F311E9E0DCF00EC1C57;
			productRefGroup = 04528F3B1E9E0DCF00EC1C57 /* Products */;
			projectDirPath = "";
			projectRoot = "";
			targets = (
				04528F391E9E0DCF00EC1C57 /* HRSqliteTool */,
				04528F521E9E0DCF00EC1C57 /* HRSqliteToolTests */,
				04528F5D1E9E0DD000EC1C57 /* HRSqliteToolUITests */,
			);
		};
/* End PBXProject section */

/* Begin PBXResourcesBuildPhase section */
		04528F381E9E0DCF00EC1C57 /* Resources */ = {
			isa = PBXResourcesBuildPhase;
			buildActionMask = 2147483647;
			files = (
				04528F4D1E9E0DCF00EC1C57 /* LaunchScreen.storyboard in Resources */,
				04528F4A1E9E0DCF00EC1C57 /* Assets.xcassets in Resources */,
				04528F481E9E0DCF00EC1C57 /* Main.storyboard in Resources */,
			);
			runOnlyForDeploymentPostprocessing = 0;
		};
		04528F511E9E0DCF00EC1C57 /* Resources */ = {
			isa = PBXResourcesBuildPhase;
			buildActionMask = 2147483647;
			files = (
			);
			runOnlyForDeploymentPostprocessing = 0;
		};
		04528F5C1E9E0DD000EC1C57 /* Resources */ = {
			isa = PBXResourcesBuildPhase;
			buildActionMask = 2147483647;
			files = (
			);
			runOnlyForDeploymentPostprocessing = 0;
		};
/* End PBXResourcesBuildPhase section */

/* Begin PBXSourcesBuildPhase section */
		04528F361E9E0DCF00EC1C57 /* Sources */ = {
			isa = PBXSourcesBuildPhase;
			buildActionMask = 2147483647;
			files = (
				04528F451E9E0DCF00EC1C57 /* ViewController.m in Sources */,
				04528F421E9E0DCF00EC1C57 /* AppDelegate.m in Sources */,
				04528F3F1E9E0DCF00EC1C57 /* main.m in Sources */,
			);
			runOnlyForDeploymentPostprocessing = 0;
		};
		04528F4F1E9E0DCF00EC1C57 /* Sources */ = {
			isa = PBXSourcesBuildPhase;
			buildActionMask = 2147483647;
			files = (
				04528F581E9E0DCF00EC1C57 /* HRSqliteToolTests.m in Sources */,
			);
			runOnlyForDeploymentPostprocessing = 0;
		};
		04528F5A1E9E0DD000EC1C57 /* Sources */ = {
			isa = PBXSourcesBuildPhase;
			buildActionMask = 2147483647;
			files = (
				04528F631E9E0DD000EC1C57 /* HRSqliteToolUITests.m in Sources */,
			);
			runOnlyForDeploymentPostprocessing = 0;
		};
/* End PBXSourcesBuildPhase section */

/* Begin PBXTargetDependency section */
		04528F551E9E0DCF00EC1C57 /* PBXTargetDependency */ = {
			isa = PBXTargetDependency;
			target = 04528F391E9E0DCF00EC1C57 /* HRSqliteTool */;
			targetProxy = 04528F541E9E0DCF00EC1C57 /* PBXContainerItemProxy */;
		};
		04528F601E9E0DD000EC1C57 /* PBXTargetDependency */ = {
			isa = PBXTargetDependency;
			target = 04528F391E9E0DCF00EC1C57 /* HRSqliteTool */;
			targetProxy = 04528F5F1E9E0DD000EC1C57 /* PBXContainerItemProxy */;
		};
/* End PBXTargetDependency section */

/* Begin PBXVariantGroup section */
		04528F461E9E0DCF00EC1C57 /* Main.storyboard */ = {
			isa = PBXVariantGroup;
			children = (
				04528F471E9E0DCF00EC1C57 /* Base */,
			);
			name = Main.storyboard;
			sourceTree = "<group>";
		};
		04528F4B1E9E0DCF00EC1C57 /* LaunchScreen.storyboard */ = {
			isa = PBXVariantGroup;
			children = (
				04528F4C1E9E0DCF00EC1C57 /* Base */,
			);
			name = LaunchScreen.storyboard;
			sourceTree = "<group>";
		};
/* End PBXVariantGroup section */

/* Begin XCBuildConfiguration section */
		04528F651E9E0DD000EC1C57 /* Debug */ = {
			isa = XCBuildConfiguration;
			buildSettings = {
				ALWAYS_SEARCH_USER_PATHS = NO;
				CLANG_ANALYZER_NONNULL = YES;
				CLANG_ANALYZER_NUMBER_OBJECT_CONVERSION = YES_AGGRESSIVE;
				CLANG_CXX_LANGUAGE_STANDARD = "gnu++0x";
				CLANG_CXX_LIBRARY = "libc++";
				CLANG_ENABLE_MODULES = YES;
				CLANG_ENABLE_OBJC_ARC = YES;
				CLANG_WARN_BOOL_CONVERSION = YES;
				CLANG_WARN_CONSTANT_CONVERSION = YES;
				CLANG_WARN_DIRECT_OBJC_ISA_USAGE = YES_ERROR;
				CLANG_WARN_DOCUMENTATION_COMMENTS = YES;
				CLANG_WARN_EMPTY_BODY = YES;
				CLANG_WARN_ENUM_CONVERSION = YES;
				CLANG_WARN_INFINITE_RECURSION = YES;
				CLANG_WARN_INT_CONVERSION = YES;
				CLANG_WARN_OBJC_ROOT_CLASS = YES_ERROR;
				CLANG_WARN_SUSPICIOUS_MOVE = YES;
				CLANG_WARN_UNREACHABLE_CODE = YES;
				CLANG_WARN__DUPLICATE_METHOD_MATCH = YES;
				"CODE_SIGN_IDENTITY[sdk=iphoneos*]" = "iPhone Developer";
				COPY_PHASE_STRIP = NO;
				DEBUG_INFORMATION_FORMAT = dwarf;
				ENABLE_STRICT_OBJC_MSGSEND = YES;
				ENABLE_TESTABILITY = YES;
				GCC_C_LANGUAGE_STANDARD = gnu99;
				GCC_DYNAMIC_NO_PIC = NO;
				GCC_NO_COMMON_BLOCKS = YES;
				GCC_OPTIMIZATION_LEVEL = 0;
				GCC_PREPROCESSOR_DEFINITIONS = (
					"DEBUG=1",
					"$(inherited)",
				);
				GCC_WARN_64_TO_32_BIT_CONVERSION = YES;
				GCC_WARN_ABOUT_RETURN_TYPE = YES_ERROR;
				GCC_WARN_UNDECLARED_SELECTOR = YES;
				GCC_WARN_UNINITIALIZED_AUTOS = YES_AGGRESSIVE;
				GCC_WARN_UNUSED_FUNCTION = YES;
				GCC_WARN_UNUSED_VARIABLE = YES;
				IPHONEOS_DEPLOYMENT_TARGET = 10.3;
				MTL_ENABLE_DEBUG_INFO = YES;
				ONLY_ACTIVE_ARCH = YES;
				SDKROOT = iphoneos;
				TARGETED_DEVICE_FAMILY = "1,2";
			};
			name = Debug;
		};
		04528F661E9E0DD000EC1C57 /* Release */ = {
			isa = XCBuildConfiguration;
			buildSettings = {
				ALWAYS_SEARCH_USER_PATHS = NO;
				CLANG_ANALYZER_NONNULL = YES;
				CLANG_ANALYZER_NUMBER_OBJECT_CONVERSION = YES_AGGRESSIVE;
				CLANG_CXX_LANGUAGE_STANDARD = "gnu++0x";
				CLANG_CXX_LIBRARY = "libc++";
				CLANG_ENABLE_MODULES = YES;
				CLANG_ENABLE_OBJC_ARC = YES;
				CLANG_WARN_BOOL_CONVERSION = YES;
				CLANG_WARN_CONSTANT_CONVERSION = YES;
				CLANG_WARN_DIRECT_OBJC_ISA_USAGE = YES_ERROR;
				CLANG_WARN_DOCUMENTATION_COMMENTS = YES;
				CLANG_WARN_EMPTY_BODY = YES;
				CLANG_WARN_ENUM_CONVERSION = YES;
				CLANG_WARN_INFINITE_RECURSION = YES;
				CLANG_WARN_INT_CONVERSION = YES;
				CLANG_WARN_OBJC_ROOT_CLASS = YES_ERROR;
				CLANG_WARN_SUSPICIOUS_MOVE = YES;
				CLANG_WARN_UNREACHABLE_CODE = YES;
				CLANG_WARN__DUPLICATE_METHOD_MATCH = YES;
				"CODE_SIGN_IDENTITY[sdk=iphoneos*]" = "iPhone Developer";
				COPY_PHASE_STRIP = NO;
				DEBUG_INFORMATION_FORMAT = "dwarf-with-dsym";
				ENABLE_NS_ASSERTIONS = NO;
				ENABLE_STRICT_OBJC_MSGSEND = YES;
				GCC_C_LANGUAGE_STANDARD = gnu99;
				GCC_NO_COMMON_BLOCKS = YES;
				GCC_WARN_64_TO_32_BIT_CONVERSION = YES;
				GCC_WARN_ABOUT_RETURN_TYPE = YES_ERROR;
				GCC_WARN_UNDECLARED_SELECTOR = YES;
				GCC_WARN_UNINITIALIZED_AUTOS = YES_AGGRESSIVE;
				GCC_WARN_UNUSED_FUNCTION = YES;
				GCC_WARN_UNUSED_VARIABLE = YES;
				IPHONEOS_DEPLOYMENT_TARGET = 10.3;
				MTL_ENABLE_DEBUG_INFO = NO;
				SDKROOT = iphoneos;
				TARGETED_DEVICE_FAMILY = "1,2";
				VALIDATE_PRODUCT = YES;
			};
			name = Release;
		};
		04528F681E9E0DD000EC1C57 /* Debug */ = {
			isa = XCBuildConfiguration;
			buildSettings = {
				ASSETCATALOG_COMPILER_APPICON_NAME = AppIcon;
				INFOPLIST_FILE = HRSqliteTool/Info.plist;
				LD_RUNPATH_SEARCH_PATHS = "$(inherited) @executable_path/Frameworks";
				PRODUCT_BUNDLE_IDENTIFIER = lingda.HRSqliteTool;
				PRODUCT_NAME = "$(TARGET_NAME)";
			};
			name = Debug;
		};
		04528F691E9E0DD000EC1C57 /* Release */ = {
			isa = XCBuildConfiguration;
			buildSettings = {
				ASSETCATALOG_COMPILER_APPICON_NAME = AppIcon;
				INFOPLIST_FILE = HRSqliteTool/Info.plist;
				LD_RUNPATH_SEARCH_PATHS = "$(inherited) @executable_path/Frameworks";
				PRODUCT_BUNDLE_IDENTIFIER = lingda.HRSqliteTool;
				PRODUCT_NAME = "$(TARGET_NAME)";
			};
			name = Release;
		};
		04528F6B1E9E0DD000EC1C57 /* Debug */ = {
			isa = XCBuildConfiguration;
			buildSettings = {
				BUNDLE_LOADER = "$(TEST_HOST)";
				INFOPLIST_FILE = HRSqliteToolTests/Info.plist;
				LD_RUNPATH_SEARCH_PATHS = "$(inherited) @executable_path/Frameworks @loader_path/Frameworks";
				PRODUCT_BUNDLE_IDENTIFIER = lingda.HRSqliteToolTests;
				PRODUCT_NAME = "$(TARGET_NAME)";
				TEST_HOST = "$(BUILT_PRODUCTS_DIR)/HRSqliteTool.app/HRSqliteTool";
			};
			name = Debug;
		};
		04528F6C1E9E0DD000EC1C57 /* Release */ = {
			isa = XCBuildConfiguration;
			buildSettings = {
				BUNDLE_LOADER = "$(TEST_HOST)";
				INFOPLIST_FILE = HRSqliteToolTests/Info.plist;
				LD_RUNPATH_SEARCH_PATHS = "$(inherited) @executable_path/Frameworks @loader_path/Frameworks";
				PRODUCT_BUNDLE_IDENTIFIER = lingda.HRSqliteToolTests;
				PRODUCT_NAME = "$(TARGET_NAME)";
				TEST_HOST = "$(BUILT_PRODUCTS_DIR)/HRSqliteTool.app/HRSqliteTool";
			};
			name = Release;
		};
		04528F6E1E9E0DD000EC1C57 /* Debug */ = {
			isa = XCBuildConfiguration;
			buildSettings = {
				INFOPLIST_FILE = HRSqliteToolUITests/Info.plist;
				LD_RUNPATH_SEARCH_PATHS = "$(inherited) @executable_path/Frameworks @loader_path/Frameworks";
				PRODUCT_BUNDLE_IDENTIFIER = lingda.HRSqliteToolUITests;
				PRODUCT_NAME = "$(TARGET_NAME)";
				TEST_TARGET_NAME = HRSqliteTool;
			};
			name = Debug;
		};
		04528F6F1E9E0DD000EC1C57 /* Release */ = {
			isa = XCBuildConfiguration;
			buildSettings = {
				INFOPLIST_FILE = HRSqliteToolUITests/Info.plist;
				LD_RUNPATH_SEARCH_PATHS = "$(inherited) @executable_path/Frameworks @loader_path/Frameworks";
				PRODUCT_BUNDLE_IDENTIFIER = lingda.HRSqliteToolUITests;
				PRODUCT_NAME = "$(TARGET_NAME)";
				TEST_TARGET_NAME = HRSqliteTool;
			};
			name = Release;
		};
/* End XCBuildConfiguration section */

/* Begin XCConfigurationList section */
		04528F351E9E0DCF00EC1C57 /* Build configuration list for PBXProject "HRSqliteTool" */ = {
			isa = XCConfigurationList;
			buildConfigurations = (
				04528F651E9E0DD000EC1C57 /* Debug */,
				04528F661E9E0DD000EC1C57 /* Release */,
			);
			defaultConfigurationIsVisible = 0;
			defaultConfigurationName = Release;
		};
		04528F671E9E0DD000EC1C57 /* Build configuration list for PBXNativeTarget "HRSqliteTool" */ = {
			isa = XCConfigurationList;
			buildConfigurations = (
				04528F681E9E0DD000EC1C57 /* Debug */,
				04528F691E9E0DD000EC1C57 /* Release */,
			);
			defaultConfigurationIsVisible = 0;
		};
		04528F6A1E9E0DD000EC1C57 /* Build configuration list for PBXNativeTarget "HRSqliteToolTests" */ = {
			isa = XCConfigurationList;
			buildConfigurations = (
				04528F6B1E9E0DD000EC1C57 /* Debug */,
				04528F6C1E9E0DD000EC1C57 /* Release */,
			);
			defaultConfigurationIsVisible = 0;
		};
		04528F6D1E9E0DD000EC1C57 /* Build configuration list for PBXNativeTarget "HRSqliteToolUITests" */ = {
			isa = XCConfigurationList;
			buildConfigurations = (
				04528F6E1E9E0DD000EC1C57 /* Debug */,
				04528F6F1E9E0DD000EC1C57 /* Release */,
			);
			defaultConfigurationIsVisible = 0;
		};
/* End XCConfigurationList section */
	};
	rootObject = 04528F321E9E0DCF00EC1C57 /* Project object */;
}
